
Microsoft Visual Studio Solution File, Format Version 12.00
# Visual Studio 2017
Project("{FAE04EC0-301F-11D3-BF4B-00C04F79EFBC}") = "ArcadiaPrimitives", "ArcadiaPrimitives.csproj", "{620F56CE-EFE8-933C-DC5F-942CB108A1A5}"
EndProject
Project("{FAE04EC0-301F-11D3-BF4B-00C04F79EFBC}") = "ArcadiaPrimitives.Editor", "ArcadiaPrimitives.Editor.csproj", "{AC179701-18B8-8093-71D9-FA7A3B290C55}"
EndProject
Global
	GlobalSection(SolutionConfigurationPlatforms) = preSolution
		Debug|Any CPU = Debug|Any CPU
		Release|Any CPU = Release|Any CPU
	EndGlobalSection
	GlobalSection(ProjectConfigurationPlatforms) = postSolution
		{620F56CE-EFE8-933C-DC5F-942CB108A1A5}.Debug|Any CPU.ActiveCfg = Debug|Any CPU
		{620F56CE-EFE8-933C-DC5F-942CB108A1A5}.Debug|Any CPU.Build.0 = Debug|Any CPU
		{620F56CE-EFE8-933C-DC5F-942CB108A1A5}.Release|Any CPU.ActiveCfg = Release|Any CPU
		{620F56CE-EFE8-933C-DC5F-942CB108A1A5}.Release|Any CPU.Build.0 = Release|Any CPU
		{AC179701-18B8-8093-71D9-FA7A3B290C55}.Debug|Any CPU.ActiveCfg = Debug|Any CPU
		{AC179701-18B8-8093-71D9-FA7A3B290C55}.Debug|Any CPU.Build.0 = Debug|Any CPU
		{AC179701-18B8-8093-71D9-FA7A3B290C55}.Release|Any CPU.ActiveCfg = Release|Any CPU
		{AC179701-18B8-8093-71D9-FA7A3B290C55}.Release|Any CPU.Build.0 = Release|Any CPU
	EndGlobalSection
	GlobalSection(SolutionProperties) = preSolution
		HideSolutionNode = FALSE
	EndGlobalSection
EndGlobal
